
Microsoft Visual Studio Solution File, Format Version 12.00
# Visual Studio Version 16
VisualStudioVersion = 16.0.30114.105
MinimumVisualStudioVersion = 10.0.40219.1
Project("{FAE04EC0-301F-11D3-BF4B-00C04F79EFBC}") = "API", "API\API.csproj", "{ED84C55A-523B-40B6-92A5-302E3CBEB699}"
EndProject
Project("{FAE04EC0-301F-11D3-BF4B-00C04F79EFBC}") = "Application", "Application\Application.csproj", "{72CBC8CA-041C-4FC8-9A62-838FC391863C}"
EndProject
Project("{FAE04EC0-301F-11D3-BF4B-00C04F79EFBC}") = "Persistence", "Persistence\Persistence.csproj", "{A73B02CE-7E51-4C0C-B414-DA6CB0065E2F}"
EndProject
Project("{FAE04EC0-301F-11D3-BF4B-00C04F79EFBC}") = "Domain", "Domain\Domain.csproj", "{5A78D468-1ACC-43B2-BA32-9450D5C396ED}"
EndProject
Global
	GlobalSection(SolutionConfigurationPlatforms) = preSolution
		Debug|Any CPU = Debug|Any CPU
		Release|Any CPU = Release|Any CPU
	EndGlobalSection
	GlobalSection(SolutionProperties) = preSolution
		HideSolutionNode = FALSE
	EndGlobalSection
	GlobalSection(ProjectConfigurationPlatforms) = postSolution
		{ED84C55A-523B-40B6-92A5-302E3CBEB699}.Debug|Any CPU.ActiveCfg = Debug|Any CPU
		{ED84C55A-523B-40B6-92A5-302E3CBEB699}.Debug|Any CPU.Build.0 = Debug|Any CPU
		{ED84C55A-523B-40B6-92A5-302E3CBEB699}.Release|Any CPU.ActiveCfg = Release|Any CPU
		{ED84C55A-523B-40B6-92A5-302E3CBEB699}.Release|Any CPU.Build.0 = Release|Any CPU
		{72CBC8CA-041C-4FC8-9A62-838FC391863C}.Debug|Any CPU.ActiveCfg = Debug|Any CPU
		{72CBC8CA-041C-4FC8-9A62-838FC391863C}.Debug|Any CPU.Build.0 = Debug|Any CPU
		{72CBC8CA-041C-4FC8-9A62-838FC391863C}.Release|Any CPU.ActiveCfg = Release|Any CPU
		{72CBC8CA-041C-4FC8-9A62-838FC391863C}.Release|Any CPU.Build.0 = Release|Any CPU
		{A73B02CE-7E51-4C0C-B414-DA6CB0065E2F}.Debug|Any CPU.ActiveCfg = Debug|Any CPU
		{A73B02CE-7E51-4C0C-B414-DA6CB0065E2F}.Debug|Any CPU.Build.0 = Debug|Any CPU
		{A73B02CE-7E51-4C0C-B414-DA6CB0065E2F}.Release|Any CPU.ActiveCfg = Release|Any CPU
		{A73B02CE-7E51-4C0C-B414-DA6CB0065E2F}.Release|Any CPU.Build.0 = Release|Any CPU
		{5A78D468-1ACC-43B2-BA32-9450D5C396ED}.Debug|Any CPU.ActiveCfg = Debug|Any CPU
		{5A78D468-1ACC-43B2-BA32-9450D5C396ED}.Debug|Any CPU.Build.0 = Debug|Any CPU
		{5A78D468-1ACC-43B2-BA32-9450D5C396ED}.Release|Any CPU.ActiveCfg = Release|Any CPU
		{5A78D468-1ACC-43B2-BA32-9450D5C396ED}.Release|Any CPU.Build.0 = Release|Any CPU
	EndGlobalSection
EndGlobal
